
Microsoft Visual Studio Solution File, Format Version 12.00
# Visual Studio 15
VisualStudioVersion = 15.0.27004.2005
MinimumVisualStudioVersion = 10.0.40219.1
Project("{9A19103F-16F7-4668-BE54-9A1E7A4F7556}") = "CompraFelizApp", "CompraFelizApp.csproj", "{645DAE91-8B4E-47EF-9839-527AE0DD7A0A}"
EndProject
Global
	GlobalSection(SolutionConfigurationPlatforms) = preSolution
		Debug|Any CPU = Debug|Any CPU
		Release|Any CPU = Release|Any CPU
	EndGlobalSection
	GlobalSection(ProjectConfigurationPlatforms) = postSolution
		{645DAE91-8B4E-47EF-9839-527AE0DD7A0A}.Debug|Any CPU.ActiveCfg = Debug|Any CPU
		{645DAE91-8B4E-47EF-9839-527AE0DD7A0A}.Debug|Any CPU.Build.0 = Debug|Any CPU
		{645DAE91-8B4E-47EF-9839-527AE0DD7A0A}.Release|Any CPU.ActiveCfg = Release|Any CPU
		{645DAE91-8B4E-47EF-9839-527AE0DD7A0A}.Release|Any CPU.Build.0 = Release|Any CPU
	EndGlobalSection
	GlobalSection(SolutionProperties) = preSolution
		HideSolutionNode = FALSE
	EndGlobalSection
	GlobalSection(ExtensibilityGlobals) = postSolution
		SolutionGuid = {AF042654-2A27-49CD-BBA0-331D337F216A}
	EndGlobalSection
EndGlobal
